# THIS IS AN AUTOGENERATED FILE. DO NOT EDIT THIS FILE DIRECTLY.
# yarn lockfile v1


playwright-core@1.25.2:
  version "1.25.2"
  resolved "https://registry.yarnpkg.com/playwright-core/-/playwright-core-1.25.2.tgz#ea4baa398a4d45fcdfe48799482b599e3d0f033f"
  integrity sha512-0yTbUE9lIddkEpLHL3u8PoCL+pWiZtj5A/j3U7YoNjcmKKDGBnCrgHJMzwd2J5vy6l28q4ki3JIuz7McLHhl1A==

playwright@^1.25.2:
  version "1.25.2"
  resolved "https://registry.yarnpkg.com/playwright/-/playwright-1.25.2.tgz#0fc67e4385a52a51371ff9114bf68e3ad50a7f41"
  integrity sha512-RwMB5SFRV/8wSfK+tK8ycpqdzORvoqUNz9DUeRfSgZFrZej5uuBl9wFjWcc+OkXFEtaPmx1acAVGG7hA4IJ1kg==
  dependencies:
    playwright-core "1.25.2"

prettier@^2.7.1:
  version "2.7.1"
  resolved "https://registry.yarnpkg.com/prettier/-/prettier-2.7.1.tgz#e235806850d057f97bb08368a4f7d899f7760c64"
  integrity sha512-ujppO+MkdPqoVINuDFDRLClm7D78qbDt0/NR+wp5FqEZOoTNAjPHWj17QRhu7geIHJfcNhRk1XVQmF8Bp3ye+g==
